// !$*UTF8*$!
{
	archiveVersion = 1;
	classes = {
	};
	objectVersion = 50;
	objects = {

/* Begin PBXBuildFile section */
		268776AC244A68B700B08FAE /* AppDelegate.swift in Sources */ = {isa = PBXBuildFile; fileRef = 268776AB244A68B700B08FAE /* AppDelegate.swift */; };
		268776AE244A68B700B08FAE /* SceneDelegate.swift in Sources */ = {isa = PBXBuildFile; fileRef = 268776AD244A68B700B08FAE /* SceneDelegate.swift */; };
		268776B0244A68B700B08FAE /* ViewController.swift in Sources */ = {isa = PBXBuildFile; fileRef = 268776AF244A68B700B08FAE /* ViewController.swift */; };
		268776B3244A68B700B08FAE /* Main.storyboard in Resources */ = {isa = PBXBuildFile; fileRef = 268776B1244A68B700B08FAE /* Main.storyboard */; };
		268776B5244A68B800B08FAE /* Assets.xcassets in Resources */ = {isa = PBXBuildFile; fileRef = 268776B4244A68B800B08FAE /* Assets.xcassets */; };
		268776B8244A68B800B08FAE /* LaunchScreen.storyboard in Resources */ = {isa = PBXBuildFile; fileRef = 268776B6244A68B800B08FAE /* LaunchScreen.storyboard */; };
		26D04455244B85D000FF0275 /* MemeStruct.swift in Sources */ = {isa = PBXBuildFile; fileRef = 26D04454244B85D000FF0275 /* MemeStruct.swift */; };
/* End PBXBuildFile section */

/* Begin PBXFileReference section */
		268776A8244A68B700B08FAE /* MemeMe 1.0.app */ = {isa = PBXFileReference; explicitFileType = wrapper.application; includeInIndex = 0; path = "MemeMe 1.0.app"; sourceTree = BUILT_PRODUCTS_DIR; };
		268776AB244A68B700B08FAE /* AppDelegate.swift */ = {isa = PBXFileReference; lastKnownFileType = sourcecode.swift; path = AppDelegate.swift; sourceTree = "<group>"; };
		268776AD244A68B700B08FAE /* SceneDelegate.swift */ = {isa = PBXFileReference; lastKnownFileType = sourcecode.swift; path = SceneDelegate.swift; sourceTree = "<group>"; };
		268776AF244A68B700B08FAE /* ViewController.swift */ = {isa = PBXFileReference; lastKnownFileType = sourcecode.swift; path = ViewController.swift; sourceTree = "<group>"; };
		268776B2244A68B700B08FAE /* Base */ = {isa = PBXFileReference; lastKnownFileType = file.storyboard; name = Base; path = Base.lproj/Main.storyboard; sourceTree = "<group>"; };
		268776B4244A68B800B08FAE /* Assets.xcassets */ = {isa = PBXFileReference; lastKnownFileType = folder.assetcatalog; path = Assets.xcassets; sourceTree = "<group>"; };
		268776B7244A68B800B08FAE /* Base */ = {isa = PBXFileReference; lastKnownFileType = file.storyboard; name = Base; path = Base.lproj/LaunchScreen.storyboard; sourceTree = "<group>"; };
		268776B9244A68B800B08FAE /* Info.plist */ = {isa = PBXFileReference; lastKnownFileType = text.plist.xml; path = Info.plist; sourceTree = "<group>"; };
		26D04454244B85D000FF0275 /* MemeStruct.swift */ = {isa = PBXFileReference; lastKnownFileType = sourcecode.swift; path = MemeStruct.swift; sourceTree = "<group>"; };
/* End PBXFileReference section */

/* Begin PBXFrameworksBuildPhase section */
		268776A5244A68B700B08FAE /* Frameworks */ = {
			isa = PBXFrameworksBuildPhase;
			buildActionMask = 2147483647;
			files = (
			);
			runOnlyForDeploymentPostprocessing = 0;
		};
/* End PBXFrameworksBuildPhase section */

/* Begin PBXGroup section */
		2687769F244A68B700B08FAE = {
			isa = PBXGroup;
			children = (
				268776AA244A68B700B08FAE /* MemeMe 1.0 */,
				268776A9244A68B700B08FAE /* Products */,
			);
			sourceTree = "<group>";
		};
		268776A9244A68B700B08FAE /* Products */ = {
			isa = PBXGroup;
			children = (
				268776A8244A68B700B08FAE /* MemeMe 1.0.app */,
			);
			name = Products;
			sourceTree = "<group>";
		};
		268776AA244A68B700B08FAE /* MemeMe 1.0 */ = {
			isa = PBXGroup;
			children = (
				268776AB244A68B700B08FAE /* AppDelegate.swift */,
				268776AD244A68B700B08FAE /* SceneDelegate.swift */,
				268776AF244A68B700B08FAE /* ViewController.swift */,
				268776B1244A68B700B08FAE /* Main.storyboard */,
				268776B4244A68B800B08FAE /* Assets.xcassets */,
				268776B6244A68B800B08FAE /* LaunchScreen.storyboard */,
				268776B9244A68B800B08FAE /* Info.plist */,
				26D04454244B85D000FF0275 /* MemeStruct.swift */,
			);
			path = "MemeMe 1.0";
			sourceTree = "<group>";
		};
/* End PBXGroup section */

/* Begin PBXNativeTarget section */
		268776A7244A68B700B08FAE /* MemeMe 1.0 */ = {
			isa = PBXNativeTarget;
			buildConfigurationList = 268776BC244A68B800B08FAE /* Build configuration list for PBXNativeTarget "MemeMe 1.0" */;
			buildPhases = (
				268776A4244A68B700B08FAE /* Sources */,
				268776A5244A68B700B08FAE /* Frameworks */,
				268776A6244A68B700B08FAE /* Resources */,
			);
			buildRules = (
			);
			dependencies = (
			);
			name = "MemeMe 1.0";
			productName = "MemeMe 1.0";
			productReference = 268776A8244A68B700B08FAE /* MemeMe 1.0.app */;
			productType = "com.apple.product-type.application";
		};
/* End PBXNativeTarget section */

/* Begin PBXProject section */
		268776A0244A68B700B08FAE /* Project object */ = {
			isa = PBXProject;
			attributes = {
				LastSwiftUpdateCheck = 1140;
				LastUpgradeCheck = 1140;
				ORGANIZATIONNAME = Celina;
				TargetAttributes = {
					268776A7244A68B700B08FAE = {
						CreatedOnToolsVersion = 11.4.1;
					};
				};
			};
			buildConfigurationList = 268776A3244A68B700B08FAE /* Build configuration list for PBXProject "MemeMe 1.0" */;
			compatibilityVersion = "Xcode 9.3";
			developmentRegion = en;
			hasScannedForEncodings = 0;
			knownRegions = (
				en,
				Base,
			);
			mainGroup = 2687769F244A68B700B08FAE;
			productRefGroup = 268776A9244A68B700B08FAE /* Products */;
			projectDirPath = "";
			projectRoot = "";
			targets = (
				268776A7244A68B700B08FAE /* MemeMe 1.0 */,
			);
		};
/* End PBXProject section */

/* Begin PBXResourcesBuildPhase section */
		268776A6244A68B700B08FAE /* Resources */ = {
			isa = PBXResourcesBuildPhase;
			buildActionMask = 2147483647;
			files = (
				268776B8244A68B800B08FAE /* LaunchScreen.storyboard in Resources */,
				268776B5244A68B800B08FAE /* Assets.xcassets in Resources */,
				268776B3244A68B700B08FAE /* Main.storyboard in Resources */,
			);
			runOnlyForDeploymentPostprocessing = 0;
		};
/* End PBXResourcesBuildPhase section */

/* Begin PBXSourcesBuildPhase section */
		268776A4244A68B700B08FAE /* Sources */ = {
			isa = PBXSourcesBuildPhase;
			buildActionMask = 2147483647;
			files = (
				26D04455244B85D000FF0275 /* MemeStruct.swift in Sources */,
				268776B0244A68B700B08FAE /* ViewController.swift in Sources */,
				268776AC244A68B700B08FAE /* AppDelegate.swift in Sources */,
				268776AE244A68B700B08FAE /* SceneDelegate.swift in Sources */,
			);
			runOnlyForDeploymentPostprocessing = 0;
		};
/* End PBXSourcesBuildPhase section */

/* Begin PBXVariantGroup section */
		268776B1244A68B700B08FAE /* Main.storyboard */ = {
			isa = PBXVariantGroup;
			children = (
				268776B2244A68B700B08FAE /* Base */,
			);
			name = Main.storyboard;
			sourceTree = "<group>";
		};
		268776B6244A68B800B08FAE /* LaunchScreen.storyboard */ = {
			isa = PBXVariantGroup;
			children = (
				268776B7244A68B800B08FAE /* Base */,
			);
			name = LaunchScreen.storyboard;
			sourceTree = "<group>";
		};
/* End PBXVariantGroup section */

/* Begin XCBuildConfiguration section */
		268776BA244A68B800B08FAE /* Debug */ = {
			isa = XCBuildConfiguration;
			buildSettings = {
				ALWAYS_SEARCH_USER_PATHS = NO;
				CLANG_ANALYZER_NONNULL = YES;
				CLANG_ANALYZER_NUMBER_OBJECT_CONVERSION = YES_AGGRESSIVE;
				CLANG_CXX_LANGUAGE_STANDARD = "gnu++14";
				CLANG_CXX_LIBRARY = "libc++";
				CLANG_ENABLE_MODULES = YES;
				CLANG_ENABLE_OBJC_ARC = YES;
				CLANG_ENABLE_OBJC_WEAK = YES;
				CLANG_WARN_BLOCK_CAPTURE_AUTORELEASING = YES;
				CLANG_WARN_BOOL_CONVERSION = YES;
				CLANG_WARN_COMMA = YES;
				CLANG_WARN_CONSTANT_CONVERSION = YES;
				CLANG_WARN_DEPRECATED_OBJC_IMPLEMENTATIONS = YES;
				CLANG_WARN_DIRECT_OBJC_ISA_USAGE = YES_ERROR;
				CLANG_WARN_DOCUMENTATION_COMMENTS = YES;
				CLANG_WARN_EMPTY_BODY = YES;
				CLANG_WARN_ENUM_CONVERSION = YES;
				CLANG_WARN_INFINITE_RECURSION = YES;
				CLANG_WARN_INT_CONVERSION = YES;
				CLANG_WARN_NON_LITERAL_NULL_CONVERSION = YES;
				CLANG_WARN_OBJC_IMPLICIT_RETAIN_SELF = YES;
				CLANG_WARN_OBJC_LITERAL_CONVERSION = YES;
				CLANG_WARN_OBJC_ROOT_CLASS = YES_ERROR;
				CLANG_WARN_RANGE_LOOP_ANALYSIS = YES;
				CLANG_WARN_STRICT_PROTOTYPES = YES;
				CLANG_WARN_SUSPICIOUS_MOVE = YES;
				CLANG_WARN_UNGUARDED_AVAILABILITY = YES_AGGRESSIVE;
				CLANG_WARN_UNREACHABLE_CODE = YES;
				CLANG_WARN__DUPLICATE_METHOD_MATCH = YES;
				COPY_PHASE_STRIP = NO;
				DEBUG_INFORMATION_FORMAT = dwarf;
				ENABLE_STRICT_OBJC_MSGSEND = YES;
				ENABLE_TESTABILITY = YES;
				GCC_C_LANGUAGE_STANDARD = gnu11;
				GCC_DYNAMIC_NO_PIC = NO;
				GCC_NO_COMMON_BLOCKS = YES;
				GCC_OPTIMIZATION_LEVEL = 0;
				GCC_PREPROCESSOR_DEFINITIONS = (
					"DEBUG=1",
					"$(inherited)",
				);
				GCC_WARN_64_TO_32_BIT_CONVERSION = YES;
				GCC_WARN_ABOUT_RETURN_TYPE = YES_ERROR;
				GCC_WARN_UNDECLARED_SELECTOR = YES;
				GCC_WARN_UNINITIALIZED_AUTOS = YES_AGGRESSIVE;
				GCC_WARN_UNUSED_FUNCTION = YES;
				GCC_WARN_UNUSED_VARIABLE = YES;
				IPHONEOS_DEPLOYMENT_TARGET = 13.4;
				MTL_ENABLE_DEBUG_INFO = INCLUDE_SOURCE;
				MTL_FAST_MATH = YES;
				ONLY_ACTIVE_ARCH = YES;
				SDKROOT = iphoneos;
				SWIFT_ACTIVE_COMPILATION_CONDITIONS = DEBUG;
				SWIFT_OPTIMIZATION_LEVEL = "-Onone";
			};
			name = Debug;
		};
		268776BB244A68B800B08FAE /* Release */ = {
			isa = XCBuildConfiguration;
			buildSettings = {
				ALWAYS_SEARCH_USER_PATHS = NO;
				CLANG_ANALYZER_NONNULL = YES;
				CLANG_ANALYZER_NUMBER_OBJECT_CONVERSION = YES_AGGRESSIVE;
				CLANG_CXX_LANGUAGE_STANDARD = "gnu++14";
				CLANG_CXX_LIBRARY = "libc++";
				CLANG_ENABLE_MODULES = YES;
				CLANG_ENABLE_OBJC_ARC = YES;
				CLANG_ENABLE_OBJC_WEAK = YES;
				CLANG_WARN_BLOCK_CAPTURE_AUTORELEASING = YES;
				CLANG_WARN_BOOL_CONVERSION = YES;
				CLANG_WARN_COMMA = YES;
				CLANG_WARN_CONSTANT_CONVERSION = YES;
				CLANG_WARN_DEPRECATED_OBJC_IMPLEMENTATIONS = YES;
				CLANG_WARN_DIRECT_OBJC_ISA_USAGE = YES_ERROR;
				CLANG_WARN_DOCUMENTATION_COMMENTS = YES;
				CLANG_WARN_EMPTY_BODY = YES;
				CLANG_WARN_ENUM_CONVERSION = YES;
				CLANG_WARN_INFINITE_RECURSION = YES;
				CLANG_WARN_INT_CONVERSION = YES;
				CLANG_WARN_NON_LITERAL_NULL_CONVERSION = YES;
				CLANG_WARN_OBJC_IMPLICIT_RETAIN_SELF = YES;
				CLANG_WARN_OBJC_LITERAL_CONVERSION = YES;
				CLANG_WARN_OBJC_ROOT_CLASS = YES_ERROR;
				CLANG_WARN_RANGE_LOOP_ANALYSIS = YES;
				CLANG_WARN_STRICT_PROTOTYPES = YES;
				CLANG_WARN_SUSPICIOUS_MOVE = YES;
				CLANG_WARN_UNGUARDED_AVAILABILITY = YES_AGGRESSIVE;
				CLANG_WARN_UNREACHABLE_CODE = YES;
				CLANG_WARN__DUPLICATE_METHOD_MATCH = YES;
				COPY_PHASE_STRIP = NO;
				DEBUG_INFORMATION_FORMAT = "dwarf-with-dsym";
				ENABLE_NS_ASSERTIONS = NO;
				ENABLE_STRICT_OBJC_MSGSEND = YES;
				GCC_C_LANGUAGE_STANDARD = gnu11;
				GCC_NO_COMMON_BLOCKS = YES;
				GCC_WARN_64_TO_32_BIT_CONVERSION = YES;
				GCC_WARN_ABOUT_RETURN_TYPE = YES_ERROR;
				GCC_WARN_UNDECLARED_SELECTOR = YES;
				GCC_WARN_UNINITIALIZED_AUTOS = YES_AGGRESSIVE;
				GCC_WARN_UNUSED_FUNCTION = YES;
				GCC_WARN_UNUSED_VARIABLE = YES;
				IPHONEOS_DEPLOYMENT_TARGET = 13.4;
				MTL_ENABLE_DEBUG_INFO = NO;
				MTL_FAST_MATH = YES;
				SDKROOT = iphoneos;
				SWIFT_COMPILATION_MODE = wholemodule;
				SWIFT_OPTIMIZATION_LEVEL = "-O";
				VALIDATE_PRODUCT = YES;
			};
			name = Release;
		};
		268776BD244A68B800B08FAE /* Debug */ = {
			isa = XCBuildConfiguration;
			buildSettings = {
				ASSETCATALOG_COMPILER_APPICON_NAME = AppIcon;
				CODE_SIGN_STYLE = Automatic;
				DEVELOPMENT_TEAM = DF4HPJWMXX;
				INFOPLIST_FILE = "MemeMe 1.0/Info.plist";
				LD_RUNPATH_SEARCH_PATHS = (
					"$(inherited)",
					"@executable_path/Frameworks",
				);
				PRODUCT_BUNDLE_IDENTIFIER = "celina.MemeMe-1-0";
				PRODUCT_NAME = "$(TARGET_NAME)";
				SWIFT_VERSION = 5.0;
				TARGETED_DEVICE_FAMILY = "1,2";
			};
			name = Debug;
		};
		268776BE244A68B800B08FAE /* Release */ = {
			isa = XCBuildConfiguration;
			buildSettings = {
				ASSETCATALOG_COMPILER_APPICON_NAME = AppIcon;
				CODE_SIGN_STYLE = Automatic;
				DEVELOPMENT_TEAM = DF4HPJWMXX;
				INFOPLIST_FILE = "MemeMe 1.0/Info.plist";
				LD_RUNPATH_SEARCH_PATHS = (
					"$(inherited)",
					"@executable_path/Frameworks",
				);
				PRODUCT_BUNDLE_IDENTIFIER = "celina.MemeMe-1-0";
				PRODUCT_NAME = "$(TARGET_NAME)";
				SWIFT_VERSION = 5.0;
				TARGETED_DEVICE_FAMILY = "1,2";
			};
			name = Release;
		};
/* End XCBuildConfiguration section */

/* Begin XCConfigurationList section */
		268776A3244A68B700B08FAE /* Build configuration list for PBXProject "MemeMe 1.0" */ = {
			isa = XCConfigurationList;
			buildConfigurations = (
				268776BA244A68B800B08FAE /* Debug */,
				268776BB244A68B800B08FAE /* Release */,
			);
			defaultConfigurationIsVisible = 0;
			defaultConfigurationName = Release;
		};
		268776BC244A68B800B08FAE /* Build configuration list for PBXNativeTarget "MemeMe 1.0" */ = {
			isa = XCConfigurationList;
			buildConfigurations = (
				268776BD244A68B800B08FAE /* Debug */,
				268776BE244A68B800B08FAE /* Release */,
			);
			defaultConfigurationIsVisible = 0;
			defaultConfigurationName = Release;
		};
/* End XCConfigurationList section */
	};
	rootObject = 268776A0244A68B700B08FAE /* Project object */;
}
